
Microsoft Visual Studio Solution File, Format Version 12.00
# Visual Studio Version 17
VisualStudioVersion = 17.0.31903.59
MinimumVisualStudioVersion = 10.0.40219.1
Project("{FAE04EC0-301F-11D3-BF4B-00C04F79EFBC}") = "CircularBuffer", "CircularBuffer\CircularBuffer.csproj", "{B24D776A-38CE-4C17-BB35-A04ED7A777A5}"
EndProject
Project("{FAE04EC0-301F-11D3-BF4B-00C04F79EFBC}") = "CircularBufferLib", "CircularBufferLib\CircularBufferLib.csproj", "{3D176CB2-3EA5-4E9F-8DBC-292AE382E044}"
EndProject
Global
	GlobalSection(SolutionConfigurationPlatforms) = preSolution
		Debug|Any CPU = Debug|Any CPU
		Release|Any CPU = Release|Any CPU
	EndGlobalSection
	GlobalSection(SolutionProperties) = preSolution
		HideSolutionNode = FALSE
	EndGlobalSection
	GlobalSection(ProjectConfigurationPlatforms) = postSolution
		{B24D776A-38CE-4C17-BB35-A04ED7A777A5}.Debug|Any CPU.ActiveCfg = Debug|Any CPU
		{B24D776A-38CE-4C17-BB35-A04ED7A777A5}.Debug|Any CPU.Build.0 = Debug|Any CPU
		{B24D776A-38CE-4C17-BB35-A04ED7A777A5}.Release|Any CPU.ActiveCfg = Release|Any CPU
		{B24D776A-38CE-4C17-BB35-A04ED7A777A5}.Release|Any CPU.Build.0 = Release|Any CPU
		{3D176CB2-3EA5-4E9F-8DBC-292AE382E044}.Debug|Any CPU.ActiveCfg = Debug|Any CPU
		{3D176CB2-3EA5-4E9F-8DBC-292AE382E044}.Debug|Any CPU.Build.0 = Debug|Any CPU
		{3D176CB2-3EA5-4E9F-8DBC-292AE382E044}.Release|Any CPU.ActiveCfg = Release|Any CPU
		{3D176CB2-3EA5-4E9F-8DBC-292AE382E044}.Release|Any CPU.Build.0 = Release|Any CPU
	EndGlobalSection
EndGlobal
